
Microsoft Visual Studio Solution File, Format Version 12.00
# Visual Studio Version 17
VisualStudioVersion = 17.9.34728.123
MinimumVisualStudioVersion = 10.0.40219.1
Project("{FAE04EC0-301F-11D3-BF4B-00C04F79EFBC}") = "ZbW_P_Contact_Manager", "ZbW_P_Contact_Manager\ZbW_P_Contact_Manager.csproj", "{D5AA7E65-4B22-406D-88D9-961A01663F7F}"
EndProject
Global
	GlobalSection(SolutionConfigurationPlatforms) = preSolution
		Debug|Any CPU = Debug|Any CPU
		Release|Any CPU = Release|Any CPU
	EndGlobalSection
	GlobalSection(ProjectConfigurationPlatforms) = postSolution
		{D5AA7E65-4B22-406D-88D9-961A01663F7F}.Debug|Any CPU.ActiveCfg = Debug|Any CPU
		{D5AA7E65-4B22-406D-88D9-961A01663F7F}.Debug|Any CPU.Build.0 = Debug|Any CPU
		{D5AA7E65-4B22-406D-88D9-961A01663F7F}.Release|Any CPU.ActiveCfg = Release|Any CPU
		{D5AA7E65-4B22-406D-88D9-961A01663F7F}.Release|Any CPU.Build.0 = Release|Any CPU
	EndGlobalSection
	GlobalSection(SolutionProperties) = preSolution
		HideSolutionNode = FALSE
	EndGlobalSection
	GlobalSection(ExtensibilityGlobals) = postSolution
		SolutionGuid = {AD065858-A37B-43E7-B2B1-7C9B84832FF6}
	EndGlobalSection
EndGlobal
